
Microsoft Visual Studio Solution File, Format Version 12.00
# Visual Studio Version 17
VisualStudioVersion = 17.6.33829.357
MinimumVisualStudioVersion = 10.0.40219.1
Project("{FAE04EC0-301F-11D3-BF4B-00C04F79EFBC}") = "DotNetCore6", "DotNetCore6\DotNetCore6.csproj", "{F449E572-BE84-41C4-A534-858A4505F9FD}"
EndProject
Global
	GlobalSection(SolutionConfigurationPlatforms) = preSolution
		Debug|Any CPU = Debug|Any CPU
		Release|Any CPU = Release|Any CPU
	EndGlobalSection
	GlobalSection(ProjectConfigurationPlatforms) = postSolution
		{F449E572-BE84-41C4-A534-858A4505F9FD}.Debug|Any CPU.ActiveCfg = Debug|Any CPU
		{F449E572-BE84-41C4-A534-858A4505F9FD}.Debug|Any CPU.Build.0 = Debug|Any CPU
		{F449E572-BE84-41C4-A534-858A4505F9FD}.Release|Any CPU.ActiveCfg = Release|Any CPU
		{F449E572-BE84-41C4-A534-858A4505F9FD}.Release|Any CPU.Build.0 = Release|Any CPU
	EndGlobalSection
	GlobalSection(SolutionProperties) = preSolution
		HideSolutionNode = FALSE
	EndGlobalSection
	GlobalSection(ExtensibilityGlobals) = postSolution
		SolutionGuid = {F2604EB5-27CC-434F-8FDE-D39E60173588}
	EndGlobalSection
EndGlobal
