
Microsoft Visual Studio Solution File, Format Version 12.00
# Visual Studio Version 17
VisualStudioVersion = 17.8.34316.72
MinimumVisualStudioVersion = 10.0.40219.1
Project("{FAE04EC0-301F-11D3-BF4B-00C04F79EFBC}") = "DiscordApp", "DiscordApp\DiscordApp.csproj", "{560E1F0A-9D47-4CDE-95C6-46807D7408A6}"
EndProject
Global
	GlobalSection(SolutionConfigurationPlatforms) = preSolution
		Debug|Any CPU = Debug|Any CPU
		Release|Any CPU = Release|Any CPU
	EndGlobalSection
	GlobalSection(ProjectConfigurationPlatforms) = postSolution
		{560E1F0A-9D47-4CDE-95C6-46807D7408A6}.Debug|Any CPU.ActiveCfg = Debug|Any CPU
		{560E1F0A-9D47-4CDE-95C6-46807D7408A6}.Debug|Any CPU.Build.0 = Debug|Any CPU
		{560E1F0A-9D47-4CDE-95C6-46807D7408A6}.Release|Any CPU.ActiveCfg = Release|Any CPU
		{560E1F0A-9D47-4CDE-95C6-46807D7408A6}.Release|Any CPU.Build.0 = Release|Any CPU
	EndGlobalSection
	GlobalSection(SolutionProperties) = preSolution
		HideSolutionNode = FALSE
	EndGlobalSection
	GlobalSection(ExtensibilityGlobals) = postSolution
		SolutionGuid = {236AD060-288B-476E-830F-B5186AB08438}
	EndGlobalSection
EndGlobal
